
Microsoft Visual Studio Solution File, Format Version 12.00
# Visual Studio Version 16
VisualStudioVersion = 16.0.31313.79
MinimumVisualStudioVersion = 10.0.40219.1
Project("{9A19103F-16F7-4668-BE54-9A1E7A4F7556}") = "HomeWork_Essential_7", "HomeWork_Essential_7.csproj", "{120B27CD-93B9-4F0F-8DA3-F27304D7AB3F}"
EndProject
Project("{9A19103F-16F7-4668-BE54-9A1E7A4F7556}") = "HomeWork_Essential_7_1", "..\HomeWork_Essential_7_1\HomeWork_Essential_7_1.csproj", "{E90CD785-A421-4D2B-9BD8-242F75DD2BD9}"
EndProject
Project("{FAE04EC0-301F-11D3-BF4B-00C04F79EFBC}") = "HomeWork_Essential_7_2", "..\HomeWork_Essential_7_2\HomeWork_Essential_7_2.csproj", "{395E9E25-76B3-42F5-AE87-3271B72A23AC}"
EndProject
Global
	GlobalSection(SolutionConfigurationPlatforms) = preSolution
		Debug|Any CPU = Debug|Any CPU
		Release|Any CPU = Release|Any CPU
	EndGlobalSection
	GlobalSection(ProjectConfigurationPlatforms) = postSolution
		{120B27CD-93B9-4F0F-8DA3-F27304D7AB3F}.Debug|Any CPU.ActiveCfg = Debug|Any CPU
		{120B27CD-93B9-4F0F-8DA3-F27304D7AB3F}.Debug|Any CPU.Build.0 = Debug|Any CPU
		{120B27CD-93B9-4F0F-8DA3-F27304D7AB3F}.Release|Any CPU.ActiveCfg = Release|Any CPU
		{120B27CD-93B9-4F0F-8DA3-F27304D7AB3F}.Release|Any CPU.Build.0 = Release|Any CPU
		{E90CD785-A421-4D2B-9BD8-242F75DD2BD9}.Debug|Any CPU.ActiveCfg = Debug|Any CPU
		{E90CD785-A421-4D2B-9BD8-242F75DD2BD9}.Debug|Any CPU.Build.0 = Debug|Any CPU
		{E90CD785-A421-4D2B-9BD8-242F75DD2BD9}.Release|Any CPU.ActiveCfg = Release|Any CPU
		{E90CD785-A421-4D2B-9BD8-242F75DD2BD9}.Release|Any CPU.Build.0 = Release|Any CPU
		{395E9E25-76B3-42F5-AE87-3271B72A23AC}.Debug|Any CPU.ActiveCfg = Debug|Any CPU
		{395E9E25-76B3-42F5-AE87-3271B72A23AC}.Debug|Any CPU.Build.0 = Debug|Any CPU
		{395E9E25-76B3-42F5-AE87-3271B72A23AC}.Release|Any CPU.ActiveCfg = Release|Any CPU
		{395E9E25-76B3-42F5-AE87-3271B72A23AC}.Release|Any CPU.Build.0 = Release|Any CPU
	EndGlobalSection
	GlobalSection(SolutionProperties) = preSolution
		HideSolutionNode = FALSE
	EndGlobalSection
	GlobalSection(ExtensibilityGlobals) = postSolution
		SolutionGuid = {786DC896-6FE9-4627-888E-8F5A85D1C740}
	EndGlobalSection
EndGlobal
