
Microsoft Visual Studio Solution File, Format Version 12.00
# Visual Studio Version 16
VisualStudioVersion = 16.0.31313.79
MinimumVisualStudioVersion = 10.0.40219.1
Project("{FAE04EC0-301F-11D3-BF4B-00C04F79EFBC}") = "HomeWork_Essential_4", "HomeWork_Essential_4.csproj", "{2C9348BF-4343-419A-BA45-4AE540881E94}"
EndProject
Project("{9A19103F-16F7-4668-BE54-9A1E7A4F7556}") = "HomeWork_Essential_4_1", "..\HomeWork_Essential_4_1\HomeWork_Essential_4_1.csproj", "{CD42A25A-64E6-4462-A6BF-73440B0B7BD3}"
EndProject
Project("{FAE04EC0-301F-11D3-BF4B-00C04F79EFBC}") = "HomeWork_Essential_4_2", "..\HomeWork_Essential_4_2\HomeWork_Essential_4_2.csproj", "{E4C1EA16-8E40-4795-A5F7-94C971F63F52}"
EndProject
Global
	GlobalSection(SolutionConfigurationPlatforms) = preSolution
		Debug|Any CPU = Debug|Any CPU
		Debug|x86 = Debug|x86
		Release|Any CPU = Release|Any CPU
		Release|x86 = Release|x86
	EndGlobalSection
	GlobalSection(ProjectConfigurationPlatforms) = postSolution
		{2C9348BF-4343-419A-BA45-4AE540881E94}.Debug|Any CPU.ActiveCfg = Debug|x86
		{2C9348BF-4343-419A-BA45-4AE540881E94}.Debug|x86.ActiveCfg = Debug|x86
		{2C9348BF-4343-419A-BA45-4AE540881E94}.Debug|x86.Build.0 = Debug|x86
		{2C9348BF-4343-419A-BA45-4AE540881E94}.Release|Any CPU.ActiveCfg = Release|x86
		{2C9348BF-4343-419A-BA45-4AE540881E94}.Release|x86.ActiveCfg = Release|x86
		{2C9348BF-4343-419A-BA45-4AE540881E94}.Release|x86.Build.0 = Release|x86
		{CD42A25A-64E6-4462-A6BF-73440B0B7BD3}.Debug|Any CPU.ActiveCfg = Debug|Any CPU
		{CD42A25A-64E6-4462-A6BF-73440B0B7BD3}.Debug|Any CPU.Build.0 = Debug|Any CPU
		{CD42A25A-64E6-4462-A6BF-73440B0B7BD3}.Debug|x86.ActiveCfg = Debug|Any CPU
		{CD42A25A-64E6-4462-A6BF-73440B0B7BD3}.Debug|x86.Build.0 = Debug|Any CPU
		{CD42A25A-64E6-4462-A6BF-73440B0B7BD3}.Release|Any CPU.ActiveCfg = Release|Any CPU
		{CD42A25A-64E6-4462-A6BF-73440B0B7BD3}.Release|Any CPU.Build.0 = Release|Any CPU
		{CD42A25A-64E6-4462-A6BF-73440B0B7BD3}.Release|x86.ActiveCfg = Release|Any CPU
		{CD42A25A-64E6-4462-A6BF-73440B0B7BD3}.Release|x86.Build.0 = Release|Any CPU
		{E4C1EA16-8E40-4795-A5F7-94C971F63F52}.Debug|Any CPU.ActiveCfg = Debug|Any CPU
		{E4C1EA16-8E40-4795-A5F7-94C971F63F52}.Debug|Any CPU.Build.0 = Debug|Any CPU
		{E4C1EA16-8E40-4795-A5F7-94C971F63F52}.Debug|x86.ActiveCfg = Debug|Any CPU
		{E4C1EA16-8E40-4795-A5F7-94C971F63F52}.Debug|x86.Build.0 = Debug|Any CPU
		{E4C1EA16-8E40-4795-A5F7-94C971F63F52}.Release|Any CPU.ActiveCfg = Release|Any CPU
		{E4C1EA16-8E40-4795-A5F7-94C971F63F52}.Release|Any CPU.Build.0 = Release|Any CPU
		{E4C1EA16-8E40-4795-A5F7-94C971F63F52}.Release|x86.ActiveCfg = Release|Any CPU
		{E4C1EA16-8E40-4795-A5F7-94C971F63F52}.Release|x86.Build.0 = Release|Any CPU
	EndGlobalSection
	GlobalSection(SolutionProperties) = preSolution
		HideSolutionNode = FALSE
	EndGlobalSection
	GlobalSection(ExtensibilityGlobals) = postSolution
		SolutionGuid = {7B4826A3-56F0-45BC-B831-FB87D39A4A15}
	EndGlobalSection
EndGlobal
