
Microsoft Visual Studio Solution File, Format Version 12.00
# Visual Studio Version 16
VisualStudioVersion = 16.0.31313.79
MinimumVisualStudioVersion = 10.0.40219.1
Project("{FAE04EC0-301F-11D3-BF4B-00C04F79EFBC}") = "HW_Professional_8", "HW_Professional_8.csproj", "{A62E3694-8E57-4B55-84F1-7AC781C82338}"
EndProject
Project("{FAE04EC0-301F-11D3-BF4B-00C04F79EFBC}") = "HW_Professional_8_1", "..\HW_Professional_8_1\HW_Professional_8_1.csproj", "{60945D24-D626-4333-AA74-E48FD07063D2}"
EndProject
Global
	GlobalSection(SolutionConfigurationPlatforms) = preSolution
		Debug|Any CPU = Debug|Any CPU
		Release|Any CPU = Release|Any CPU
	EndGlobalSection
	GlobalSection(ProjectConfigurationPlatforms) = postSolution
		{A62E3694-8E57-4B55-84F1-7AC781C82338}.Debug|Any CPU.ActiveCfg = Debug|Any CPU
		{A62E3694-8E57-4B55-84F1-7AC781C82338}.Debug|Any CPU.Build.0 = Debug|Any CPU
		{A62E3694-8E57-4B55-84F1-7AC781C82338}.Release|Any CPU.ActiveCfg = Release|Any CPU
		{A62E3694-8E57-4B55-84F1-7AC781C82338}.Release|Any CPU.Build.0 = Release|Any CPU
		{60945D24-D626-4333-AA74-E48FD07063D2}.Debug|Any CPU.ActiveCfg = Debug|Any CPU
		{60945D24-D626-4333-AA74-E48FD07063D2}.Debug|Any CPU.Build.0 = Debug|Any CPU
		{60945D24-D626-4333-AA74-E48FD07063D2}.Release|Any CPU.ActiveCfg = Release|Any CPU
		{60945D24-D626-4333-AA74-E48FD07063D2}.Release|Any CPU.Build.0 = Release|Any CPU
	EndGlobalSection
	GlobalSection(SolutionProperties) = preSolution
		HideSolutionNode = FALSE
	EndGlobalSection
	GlobalSection(ExtensibilityGlobals) = postSolution
		SolutionGuid = {298C1FC8-16B6-4327-811C-58C532A074F4}
	EndGlobalSection
EndGlobal
