
Microsoft Visual Studio Solution File, Format Version 12.00
# Visual Studio Version 16
VisualStudioVersion = 16.0.31313.79
MinimumVisualStudioVersion = 10.0.40219.1
Project("{9A19103F-16F7-4668-BE54-9A1E7A4F7556}") = "HomeWork_Essential_11", "HomeWork_Essential_11.csproj", "{C57C4C1A-7BCB-4A52-8CDB-708EE63C3AE1}"
EndProject
Project("{9A19103F-16F7-4668-BE54-9A1E7A4F7556}") = "HomeWork_Essential_11_1", "..\HomeWork_Essential_11_1\HomeWork_Essential_11_1.csproj", "{79A1FC06-ED14-46C6-8EA0-9B453BD0D2CE}"
EndProject
Project("{FAE04EC0-301F-11D3-BF4B-00C04F79EFBC}") = "HomeWork_Essential_11_2", "..\HomeWork_Essential_11_2\HomeWork_Essential_11_2.csproj", "{96AA0EA5-2050-41B5-B9A5-2172A2CB4075}"
EndProject
Project("{FAE04EC0-301F-11D3-BF4B-00C04F79EFBC}") = "HomeWork_Essential_11_3", "..\HomeWork_Essential_11_3\HomeWork_Essential_11_3.csproj", "{78F66B46-C3AF-4A13-A85C-D0F0E222B636}"
EndProject
Global
	GlobalSection(SolutionConfigurationPlatforms) = preSolution
		Debug|Any CPU = Debug|Any CPU
		Release|Any CPU = Release|Any CPU
	EndGlobalSection
	GlobalSection(ProjectConfigurationPlatforms) = postSolution
		{C57C4C1A-7BCB-4A52-8CDB-708EE63C3AE1}.Debug|Any CPU.ActiveCfg = Debug|Any CPU
		{C57C4C1A-7BCB-4A52-8CDB-708EE63C3AE1}.Debug|Any CPU.Build.0 = Debug|Any CPU
		{C57C4C1A-7BCB-4A52-8CDB-708EE63C3AE1}.Release|Any CPU.ActiveCfg = Release|Any CPU
		{C57C4C1A-7BCB-4A52-8CDB-708EE63C3AE1}.Release|Any CPU.Build.0 = Release|Any CPU
		{79A1FC06-ED14-46C6-8EA0-9B453BD0D2CE}.Debug|Any CPU.ActiveCfg = Debug|Any CPU
		{79A1FC06-ED14-46C6-8EA0-9B453BD0D2CE}.Debug|Any CPU.Build.0 = Debug|Any CPU
		{79A1FC06-ED14-46C6-8EA0-9B453BD0D2CE}.Release|Any CPU.ActiveCfg = Release|Any CPU
		{79A1FC06-ED14-46C6-8EA0-9B453BD0D2CE}.Release|Any CPU.Build.0 = Release|Any CPU
		{96AA0EA5-2050-41B5-B9A5-2172A2CB4075}.Debug|Any CPU.ActiveCfg = Debug|Any CPU
		{96AA0EA5-2050-41B5-B9A5-2172A2CB4075}.Debug|Any CPU.Build.0 = Debug|Any CPU
		{96AA0EA5-2050-41B5-B9A5-2172A2CB4075}.Release|Any CPU.ActiveCfg = Release|Any CPU
		{96AA0EA5-2050-41B5-B9A5-2172A2CB4075}.Release|Any CPU.Build.0 = Release|Any CPU
		{78F66B46-C3AF-4A13-A85C-D0F0E222B636}.Debug|Any CPU.ActiveCfg = Debug|Any CPU
		{78F66B46-C3AF-4A13-A85C-D0F0E222B636}.Debug|Any CPU.Build.0 = Debug|Any CPU
		{78F66B46-C3AF-4A13-A85C-D0F0E222B636}.Release|Any CPU.ActiveCfg = Release|Any CPU
		{78F66B46-C3AF-4A13-A85C-D0F0E222B636}.Release|Any CPU.Build.0 = Release|Any CPU
	EndGlobalSection
	GlobalSection(SolutionProperties) = preSolution
		HideSolutionNode = FALSE
	EndGlobalSection
	GlobalSection(ExtensibilityGlobals) = postSolution
		SolutionGuid = {81E1690E-ACBD-4A26-A0B6-4E026DC6432E}
	EndGlobalSection
EndGlobal
