
Microsoft Visual Studio Solution File, Format Version 12.00
# Visual Studio Version 16
VisualStudioVersion = 16.0.31313.79
MinimumVisualStudioVersion = 10.0.40219.1
Project("{FAE04EC0-301F-11D3-BF4B-00C04F79EFBC}") = "HomeWork_Essential_13", "HomeWork_Essential_13.csproj", "{E8ACF7EB-5195-4906-8F6B-32BD3F6B53CC}"
EndProject
Project("{FAE04EC0-301F-11D3-BF4B-00C04F79EFBC}") = "HomeWork_Essential_13_1", "..\HomeWork_Essential_13_1\HomeWork_Essential_13_1.csproj", "{AE534EB3-FAA0-4ABA-9C8A-81AA5B9F9CB8}"
EndProject
Project("{FAE04EC0-301F-11D3-BF4B-00C04F79EFBC}") = "HomeWork_Essential_13_2", "..\HomeWork_Essential_13_2\HomeWork_Essential_13_2.csproj", "{62BB7F15-8A21-4E0B-AD98-A788DB534D51}"
EndProject
Global
	GlobalSection(SolutionConfigurationPlatforms) = preSolution
		Debug|Any CPU = Debug|Any CPU
		Release|Any CPU = Release|Any CPU
	EndGlobalSection
	GlobalSection(ProjectConfigurationPlatforms) = postSolution
		{E8ACF7EB-5195-4906-8F6B-32BD3F6B53CC}.Debug|Any CPU.ActiveCfg = Debug|Any CPU
		{E8ACF7EB-5195-4906-8F6B-32BD3F6B53CC}.Debug|Any CPU.Build.0 = Debug|Any CPU
		{E8ACF7EB-5195-4906-8F6B-32BD3F6B53CC}.Release|Any CPU.ActiveCfg = Release|Any CPU
		{E8ACF7EB-5195-4906-8F6B-32BD3F6B53CC}.Release|Any CPU.Build.0 = Release|Any CPU
		{AE534EB3-FAA0-4ABA-9C8A-81AA5B9F9CB8}.Debug|Any CPU.ActiveCfg = Debug|Any CPU
		{AE534EB3-FAA0-4ABA-9C8A-81AA5B9F9CB8}.Debug|Any CPU.Build.0 = Debug|Any CPU
		{AE534EB3-FAA0-4ABA-9C8A-81AA5B9F9CB8}.Release|Any CPU.ActiveCfg = Release|Any CPU
		{AE534EB3-FAA0-4ABA-9C8A-81AA5B9F9CB8}.Release|Any CPU.Build.0 = Release|Any CPU
		{62BB7F15-8A21-4E0B-AD98-A788DB534D51}.Debug|Any CPU.ActiveCfg = Debug|Any CPU
		{62BB7F15-8A21-4E0B-AD98-A788DB534D51}.Debug|Any CPU.Build.0 = Debug|Any CPU
		{62BB7F15-8A21-4E0B-AD98-A788DB534D51}.Release|Any CPU.ActiveCfg = Release|Any CPU
		{62BB7F15-8A21-4E0B-AD98-A788DB534D51}.Release|Any CPU.Build.0 = Release|Any CPU
	EndGlobalSection
	GlobalSection(SolutionProperties) = preSolution
		HideSolutionNode = FALSE
	EndGlobalSection
	GlobalSection(ExtensibilityGlobals) = postSolution
		SolutionGuid = {CDD3AE7B-9D99-4A1B-8E79-DE2C42D6B8AF}
	EndGlobalSection
EndGlobal
