
Microsoft Visual Studio Solution File, Format Version 12.00
# Visual Studio Version 16
VisualStudioVersion = 16.0.31313.79
MinimumVisualStudioVersion = 10.0.40219.1
Project("{FAE04EC0-301F-11D3-BF4B-00C04F79EFBC}") = "HomeWork_Professional_1", "HomeWork_Professional_1.csproj", "{159AF604-39FC-4682-9000-B70215961B78}"
EndProject
Project("{FAE04EC0-301F-11D3-BF4B-00C04F79EFBC}") = "HomeWork_Professional_1_1", "..\HomeWork_Professional_1_1\HomeWork_Professional_1_1.csproj", "{CE3623F5-B186-4941-A16F-4A331EE1524B}"
EndProject
Project("{FAE04EC0-301F-11D3-BF4B-00C04F79EFBC}") = "HomeWork_Professional_1_2", "..\HomeWork_Professional_1_2\HomeWork_Professional_1_2.csproj", "{B337D037-8C7E-49C8-90EC-DDB9FB488BF8}"
EndProject
Global
	GlobalSection(SolutionConfigurationPlatforms) = preSolution
		Debug|Any CPU = Debug|Any CPU
		Release|Any CPU = Release|Any CPU
	EndGlobalSection
	GlobalSection(ProjectConfigurationPlatforms) = postSolution
		{159AF604-39FC-4682-9000-B70215961B78}.Debug|Any CPU.ActiveCfg = Debug|Any CPU
		{159AF604-39FC-4682-9000-B70215961B78}.Debug|Any CPU.Build.0 = Debug|Any CPU
		{159AF604-39FC-4682-9000-B70215961B78}.Release|Any CPU.ActiveCfg = Release|Any CPU
		{159AF604-39FC-4682-9000-B70215961B78}.Release|Any CPU.Build.0 = Release|Any CPU
		{CE3623F5-B186-4941-A16F-4A331EE1524B}.Debug|Any CPU.ActiveCfg = Debug|Any CPU
		{CE3623F5-B186-4941-A16F-4A331EE1524B}.Debug|Any CPU.Build.0 = Debug|Any CPU
		{CE3623F5-B186-4941-A16F-4A331EE1524B}.Release|Any CPU.ActiveCfg = Release|Any CPU
		{CE3623F5-B186-4941-A16F-4A331EE1524B}.Release|Any CPU.Build.0 = Release|Any CPU
		{B337D037-8C7E-49C8-90EC-DDB9FB488BF8}.Debug|Any CPU.ActiveCfg = Debug|Any CPU
		{B337D037-8C7E-49C8-90EC-DDB9FB488BF8}.Debug|Any CPU.Build.0 = Debug|Any CPU
		{B337D037-8C7E-49C8-90EC-DDB9FB488BF8}.Release|Any CPU.ActiveCfg = Release|Any CPU
		{B337D037-8C7E-49C8-90EC-DDB9FB488BF8}.Release|Any CPU.Build.0 = Release|Any CPU
	EndGlobalSection
	GlobalSection(SolutionProperties) = preSolution
		HideSolutionNode = FALSE
	EndGlobalSection
	GlobalSection(ExtensibilityGlobals) = postSolution
		SolutionGuid = {0C89F9C0-F441-4329-81D1-92F8F0A5776D}
	EndGlobalSection
EndGlobal
