
Microsoft Visual Studio Solution File, Format Version 12.00
# Visual Studio Version 16
VisualStudioVersion = 16.0.31313.79
MinimumVisualStudioVersion = 10.0.40219.1
Project("{FAE04EC0-301F-11D3-BF4B-00C04F79EFBC}") = "HomeWork_Essential_12", "MVP\HomeWork_Essential_12.csproj", "{E8A009FB-22DE-4AD6-B35A-1320B1DAB2B0}"
EndProject
Project("{9A19103F-16F7-4668-BE54-9A1E7A4F7556}") = "HomeWork_Essential_12_1", "HomeWork_Essential_12_1\HomeWork_Essential_12_1.csproj", "{E11E87F7-B7FE-4ABD-AAF2-1E58D7A25881}"
EndProject
Project("{FAE04EC0-301F-11D3-BF4B-00C04F79EFBC}") = "HomeWork_Essential_12_2", "HomeWork_Essential_12_2\HomeWork_Essential_12_2.csproj", "{35073241-37D0-47EC-A349-2A7F484D3FD8}"
EndProject
Global
	GlobalSection(SolutionConfigurationPlatforms) = preSolution
		Debug|Any CPU = Debug|Any CPU
		Debug|x86 = Debug|x86
		Release|Any CPU = Release|Any CPU
		Release|x86 = Release|x86
	EndGlobalSection
	GlobalSection(ProjectConfigurationPlatforms) = postSolution
		{E8A009FB-22DE-4AD6-B35A-1320B1DAB2B0}.Debug|Any CPU.ActiveCfg = Debug|x86
		{E8A009FB-22DE-4AD6-B35A-1320B1DAB2B0}.Debug|x86.ActiveCfg = Debug|x86
		{E8A009FB-22DE-4AD6-B35A-1320B1DAB2B0}.Debug|x86.Build.0 = Debug|x86
		{E8A009FB-22DE-4AD6-B35A-1320B1DAB2B0}.Release|Any CPU.ActiveCfg = Release|x86
		{E8A009FB-22DE-4AD6-B35A-1320B1DAB2B0}.Release|x86.ActiveCfg = Release|x86
		{E8A009FB-22DE-4AD6-B35A-1320B1DAB2B0}.Release|x86.Build.0 = Release|x86
		{E11E87F7-B7FE-4ABD-AAF2-1E58D7A25881}.Debug|Any CPU.ActiveCfg = Debug|Any CPU
		{E11E87F7-B7FE-4ABD-AAF2-1E58D7A25881}.Debug|Any CPU.Build.0 = Debug|Any CPU
		{E11E87F7-B7FE-4ABD-AAF2-1E58D7A25881}.Debug|x86.ActiveCfg = Debug|Any CPU
		{E11E87F7-B7FE-4ABD-AAF2-1E58D7A25881}.Debug|x86.Build.0 = Debug|Any CPU
		{E11E87F7-B7FE-4ABD-AAF2-1E58D7A25881}.Release|Any CPU.ActiveCfg = Release|Any CPU
		{E11E87F7-B7FE-4ABD-AAF2-1E58D7A25881}.Release|Any CPU.Build.0 = Release|Any CPU
		{E11E87F7-B7FE-4ABD-AAF2-1E58D7A25881}.Release|x86.ActiveCfg = Release|Any CPU
		{E11E87F7-B7FE-4ABD-AAF2-1E58D7A25881}.Release|x86.Build.0 = Release|Any CPU
		{35073241-37D0-47EC-A349-2A7F484D3FD8}.Debug|Any CPU.ActiveCfg = Debug|Any CPU
		{35073241-37D0-47EC-A349-2A7F484D3FD8}.Debug|Any CPU.Build.0 = Debug|Any CPU
		{35073241-37D0-47EC-A349-2A7F484D3FD8}.Debug|x86.ActiveCfg = Debug|Any CPU
		{35073241-37D0-47EC-A349-2A7F484D3FD8}.Debug|x86.Build.0 = Debug|Any CPU
		{35073241-37D0-47EC-A349-2A7F484D3FD8}.Release|Any CPU.ActiveCfg = Release|Any CPU
		{35073241-37D0-47EC-A349-2A7F484D3FD8}.Release|Any CPU.Build.0 = Release|Any CPU
		{35073241-37D0-47EC-A349-2A7F484D3FD8}.Release|x86.ActiveCfg = Release|Any CPU
		{35073241-37D0-47EC-A349-2A7F484D3FD8}.Release|x86.Build.0 = Release|Any CPU
	EndGlobalSection
	GlobalSection(SolutionProperties) = preSolution
		HideSolutionNode = FALSE
	EndGlobalSection
	GlobalSection(ExtensibilityGlobals) = postSolution
		SolutionGuid = {C5548ABB-4FA6-430F-9C7C-5ECFE5AD614D}
	EndGlobalSection
EndGlobal
