
Microsoft Visual Studio Solution File, Format Version 12.00
# Visual Studio Version 16
VisualStudioVersion = 16.0.31313.79
MinimumVisualStudioVersion = 10.0.40219.1
Project("{9A19103F-16F7-4668-BE54-9A1E7A4F7556}") = "3", "3.csproj", "{DF62FFA9-4D30-439F-B14D-E63271050365}"
EndProject
Project("{9A19103F-16F7-4668-BE54-9A1E7A4F7556}") = "3.1", "..\3.1\3.1.csproj", "{63FABEB8-A1C4-44BC-BEA8-8A9650339A81}"
EndProject
Global
	GlobalSection(SolutionConfigurationPlatforms) = preSolution
		Debug|Any CPU = Debug|Any CPU
		Release|Any CPU = Release|Any CPU
	EndGlobalSection
	GlobalSection(ProjectConfigurationPlatforms) = postSolution
		{DF62FFA9-4D30-439F-B14D-E63271050365}.Debug|Any CPU.ActiveCfg = Debug|Any CPU
		{DF62FFA9-4D30-439F-B14D-E63271050365}.Debug|Any CPU.Build.0 = Debug|Any CPU
		{DF62FFA9-4D30-439F-B14D-E63271050365}.Release|Any CPU.ActiveCfg = Release|Any CPU
		{DF62FFA9-4D30-439F-B14D-E63271050365}.Release|Any CPU.Build.0 = Release|Any CPU
		{63FABEB8-A1C4-44BC-BEA8-8A9650339A81}.Debug|Any CPU.ActiveCfg = Debug|Any CPU
		{63FABEB8-A1C4-44BC-BEA8-8A9650339A81}.Debug|Any CPU.Build.0 = Debug|Any CPU
		{63FABEB8-A1C4-44BC-BEA8-8A9650339A81}.Release|Any CPU.ActiveCfg = Release|Any CPU
		{63FABEB8-A1C4-44BC-BEA8-8A9650339A81}.Release|Any CPU.Build.0 = Release|Any CPU
	EndGlobalSection
	GlobalSection(SolutionProperties) = preSolution
		HideSolutionNode = FALSE
	EndGlobalSection
	GlobalSection(ExtensibilityGlobals) = postSolution
		SolutionGuid = {B4C2607A-3C58-43D8-9DA2-741B00F188ED}
	EndGlobalSection
EndGlobal
