
Microsoft Visual Studio Solution File, Format Version 12.00
# Visual Studio Version 16
VisualStudioVersion = 16.0.31313.79
MinimumVisualStudioVersion = 10.0.40219.1
Project("{FAE04EC0-301F-11D3-BF4B-00C04F79EFBC}") = "HW_Professional_7", "HW_Professional_7.csproj", "{87BA3C7F-F25A-4899-A5F4-21D19AA1896C}"
EndProject
Project("{FAE04EC0-301F-11D3-BF4B-00C04F79EFBC}") = "HW_Professional_7_1", "..\HW_Professional_7_1\HW_Professional_7_1.csproj", "{9FF58720-6C43-4A1C-AD93-0B3A324FB743}"
EndProject
Global
	GlobalSection(SolutionConfigurationPlatforms) = preSolution
		Debug|Any CPU = Debug|Any CPU
		Release|Any CPU = Release|Any CPU
	EndGlobalSection
	GlobalSection(ProjectConfigurationPlatforms) = postSolution
		{87BA3C7F-F25A-4899-A5F4-21D19AA1896C}.Debug|Any CPU.ActiveCfg = Debug|Any CPU
		{87BA3C7F-F25A-4899-A5F4-21D19AA1896C}.Debug|Any CPU.Build.0 = Debug|Any CPU
		{87BA3C7F-F25A-4899-A5F4-21D19AA1896C}.Release|Any CPU.ActiveCfg = Release|Any CPU
		{87BA3C7F-F25A-4899-A5F4-21D19AA1896C}.Release|Any CPU.Build.0 = Release|Any CPU
		{9FF58720-6C43-4A1C-AD93-0B3A324FB743}.Debug|Any CPU.ActiveCfg = Debug|Any CPU
		{9FF58720-6C43-4A1C-AD93-0B3A324FB743}.Debug|Any CPU.Build.0 = Debug|Any CPU
		{9FF58720-6C43-4A1C-AD93-0B3A324FB743}.Release|Any CPU.ActiveCfg = Release|Any CPU
		{9FF58720-6C43-4A1C-AD93-0B3A324FB743}.Release|Any CPU.Build.0 = Release|Any CPU
	EndGlobalSection
	GlobalSection(SolutionProperties) = preSolution
		HideSolutionNode = FALSE
	EndGlobalSection
	GlobalSection(ExtensibilityGlobals) = postSolution
		SolutionGuid = {6094DE37-CCAF-460B-9F5A-46C6BEC66111}
	EndGlobalSection
EndGlobal
